
Microsoft Visual Studio Solution File, Format Version 12.00
# Visual Studio Version 17
VisualStudioVersion = 17.2.32516.85
MinimumVisualStudioVersion = 10.0.40219.1
Project("{FAE04EC0-301F-11D3-BF4B-00C04F79EFBC}") = "SuperHeroAPI", "SuperHeroAPI\SuperHeroAPI.csproj", "{E25B669C-87BB-4429-BEE5-0B65172103AC}"
EndProject
Global
	GlobalSection(SolutionConfigurationPlatforms) = preSolution
		Debug|Any CPU = Debug|Any CPU
		Release|Any CPU = Release|Any CPU
	EndGlobalSection
	GlobalSection(ProjectConfigurationPlatforms) = postSolution
		{E25B669C-87BB-4429-BEE5-0B65172103AC}.Debug|Any CPU.ActiveCfg = Debug|Any CPU
		{E25B669C-87BB-4429-BEE5-0B65172103AC}.Debug|Any CPU.Build.0 = Debug|Any CPU
		{E25B669C-87BB-4429-BEE5-0B65172103AC}.Release|Any CPU.ActiveCfg = Release|Any CPU
		{E25B669C-87BB-4429-BEE5-0B65172103AC}.Release|Any CPU.Build.0 = Release|Any CPU
	EndGlobalSection
	GlobalSection(SolutionProperties) = preSolution
		HideSolutionNode = FALSE
	EndGlobalSection
	GlobalSection(ExtensibilityGlobals) = postSolution
		SolutionGuid = {2C127A6D-CF4A-40E1-8A0C-991E7B6C20E2}
	EndGlobalSection
EndGlobal
